
Microsoft Visual Studio Solution File, Format Version 12.00
# Visual Studio 15
VisualStudioVersion = 15.0.28010.2016
MinimumVisualStudioVersion = 10.0.40219.1
Project("{F184B08F-C81C-45F6-A57F-5ABD9991F28F}") = "windowsforms", "windowsforms\windowsforms.vbproj", "{A14EC115-36E9-48A9-80D3-00C4C57C76AA}"
EndProject
Global
	GlobalSection(SolutionConfigurationPlatforms) = preSolution
		Debug|Any CPU = Debug|Any CPU
		Release|Any CPU = Release|Any CPU
	EndGlobalSection
	GlobalSection(ProjectConfigurationPlatforms) = postSolution
		{A14EC115-36E9-48A9-80D3-00C4C57C76AA}.Debug|Any CPU.ActiveCfg = Debug|Any CPU
		{A14EC115-36E9-48A9-80D3-00C4C57C76AA}.Debug|Any CPU.Build.0 = Debug|Any CPU
		{A14EC115-36E9-48A9-80D3-00C4C57C76AA}.Release|Any CPU.ActiveCfg = Release|Any CPU
		{A14EC115-36E9-48A9-80D3-00C4C57C76AA}.Release|Any CPU.Build.0 = Release|Any CPU
	EndGlobalSection
	GlobalSection(SolutionProperties) = preSolution
		HideSolutionNode = FALSE
	EndGlobalSection
	GlobalSection(ExtensibilityGlobals) = postSolution
		SolutionGuid = {8FC3F160-18F7-4CEE-9876-EE76127808C9}
	EndGlobalSection
EndGlobal
